
Microsoft Visual Studio Solution File, Format Version 12.00
# Visual Studio Version 16
VisualStudioVersion = 16.0.31515.178
MinimumVisualStudioVersion = 10.0.40219.1
Project("{FAE04EC0-301F-11D3-BF4B-00C04F79EFBC}") = "Stanford_CauTrucLapTrinhCS", "Stanford_CauTrucLapTrinhCS\Stanford_CauTrucLapTrinhCS.csproj", "{5C13454F-AC8F-4B51-AA81-A2B8F2913321}"
EndProject
Project("{FAE04EC0-301F-11D3-BF4B-00C04F79EFBC}") = "Stanford_BaiTapCauTrucIfElse", "Stanford_BaiTapCauTrucIfElse\Stanford_BaiTapCauTrucIfElse.csproj", "{4ACF2358-0D33-410F-A436-CA4F1B33320C}"
EndProject
Project("{FAE04EC0-301F-11D3-BF4B-00C04F79EFBC}") = "Stanford_LapTrinhWindowsFormCS", "Stanford_LapTrinhWindowsFormCS\Stanford_LapTrinhWindowsFormCS.csproj", "{D749ECF4-C895-4A0F-AB86-9871593DE7D6}"
EndProject
Project("{FAE04EC0-301F-11D3-BF4B-00C04F79EFBC}") = "Stanford_BaiTapCauTrucCS_0110", "Stanford_BaiTapCauTrucCS_0110\Stanford_BaiTapCauTrucCS_0110.csproj", "{CA7A929A-F63A-485A-9ECA-CFF2E81689F6}"
EndProject
Project("{FAE04EC0-301F-11D3-BF4B-00C04F79EFBC}") = "Stanford_CauTrucVongLapCS", "Stanford_CauTrucVongLapCS\Stanford_CauTrucVongLapCS.csproj", "{F9FBDA08-C1F5-43AF-9891-EB5B7D80B741}"
EndProject
Project("{FAE04EC0-301F-11D3-BF4B-00C04F79EFBC}") = "Stanford_BaiTapCauTrucCS_0610", "Stanford_BaiTapCauTrucCS_0610\Stanford_BaiTapCauTrucCS_0610.csproj", "{77037C53-F77A-4DCE-B103-3B486EC29EDA}"
EndProject
Global
	GlobalSection(SolutionConfigurationPlatforms) = preSolution
		Debug|Any CPU = Debug|Any CPU
		Release|Any CPU = Release|Any CPU
	EndGlobalSection
	GlobalSection(ProjectConfigurationPlatforms) = postSolution
		{5C13454F-AC8F-4B51-AA81-A2B8F2913321}.Debug|Any CPU.ActiveCfg = Debug|Any CPU
		{5C13454F-AC8F-4B51-AA81-A2B8F2913321}.Debug|Any CPU.Build.0 = Debug|Any CPU
		{5C13454F-AC8F-4B51-AA81-A2B8F2913321}.Release|Any CPU.ActiveCfg = Release|Any CPU
		{5C13454F-AC8F-4B51-AA81-A2B8F2913321}.Release|Any CPU.Build.0 = Release|Any CPU
		{4ACF2358-0D33-410F-A436-CA4F1B33320C}.Debug|Any CPU.ActiveCfg = Debug|Any CPU
		{4ACF2358-0D33-410F-A436-CA4F1B33320C}.Debug|Any CPU.Build.0 = Debug|Any CPU
		{4ACF2358-0D33-410F-A436-CA4F1B33320C}.Release|Any CPU.ActiveCfg = Release|Any CPU
		{4ACF2358-0D33-410F-A436-CA4F1B33320C}.Release|Any CPU.Build.0 = Release|Any CPU
		{D749ECF4-C895-4A0F-AB86-9871593DE7D6}.Debug|Any CPU.ActiveCfg = Debug|Any CPU
		{D749ECF4-C895-4A0F-AB86-9871593DE7D6}.Debug|Any CPU.Build.0 = Debug|Any CPU
		{D749ECF4-C895-4A0F-AB86-9871593DE7D6}.Release|Any CPU.ActiveCfg = Release|Any CPU
		{D749ECF4-C895-4A0F-AB86-9871593DE7D6}.Release|Any CPU.Build.0 = Release|Any CPU
		{CA7A929A-F63A-485A-9ECA-CFF2E81689F6}.Debug|Any CPU.ActiveCfg = Debug|Any CPU
		{CA7A929A-F63A-485A-9ECA-CFF2E81689F6}.Debug|Any CPU.Build.0 = Debug|Any CPU
		{CA7A929A-F63A-485A-9ECA-CFF2E81689F6}.Release|Any CPU.ActiveCfg = Release|Any CPU
		{CA7A929A-F63A-485A-9ECA-CFF2E81689F6}.Release|Any CPU.Build.0 = Release|Any CPU
		{F9FBDA08-C1F5-43AF-9891-EB5B7D80B741}.Debug|Any CPU.ActiveCfg = Debug|Any CPU
		{F9FBDA08-C1F5-43AF-9891-EB5B7D80B741}.Debug|Any CPU.Build.0 = Debug|Any CPU
		{F9FBDA08-C1F5-43AF-9891-EB5B7D80B741}.Release|Any CPU.ActiveCfg = Release|Any CPU
		{F9FBDA08-C1F5-43AF-9891-EB5B7D80B741}.Release|Any CPU.Build.0 = Release|Any CPU
		{77037C53-F77A-4DCE-B103-3B486EC29EDA}.Debug|Any CPU.ActiveCfg = Debug|Any CPU
		{77037C53-F77A-4DCE-B103-3B486EC29EDA}.Debug|Any CPU.Build.0 = Debug|Any CPU
		{77037C53-F77A-4DCE-B103-3B486EC29EDA}.Release|Any CPU.ActiveCfg = Release|Any CPU
		{77037C53-F77A-4DCE-B103-3B486EC29EDA}.Release|Any CPU.Build.0 = Release|Any CPU
	EndGlobalSection
	GlobalSection(SolutionProperties) = preSolution
		HideSolutionNode = FALSE
	EndGlobalSection
	GlobalSection(ExtensibilityGlobals) = postSolution
		SolutionGuid = {0C15B7DB-3366-43D1-93C6-365C37A8D30C}
	EndGlobalSection
EndGlobal
